
Microsoft Visual Studio Solution File, Format Version 12.00
# Visual Studio Version 17
VisualStudioVersion = 17.2.32526.322
MinimumVisualStudioVersion = 10.0.40219.1
Project("{9A19103F-16F7-4668-BE54-9A1E7A4F7556}") = "Kae.XTUML.Tools.Generator.CodeOfDomainModel.Csharp", "Kae.XTUML.Tools.Generator.CodeOfDomainModel.Csharp\Kae.XTUML.Tools.Generator.CodeOfDomainModel.Csharp.csproj", "{0E17ED35-29FA-4B25-BC6A-2077CD48E6A0}"
EndProject
Project("{9A19103F-16F7-4668-BE54-9A1E7A4F7556}") = "ConsoleAppCsharpGenerator", "ConsoleAppCsharpGenerator\ConsoleAppCsharpGenerator.csproj", "{5A500C92-25F7-4B2F-BA0A-B01366B60FF7}"
EndProject
Project("{54435603-DBB4-11D2-8724-00A0C9A8B90C}") = "SetupCsharpCodeGenerator", "SetupCsharpCodeGenerator\SetupCsharpCodeGenerator.vdproj", "{8F174E59-7DA7-4CFF-99E5-813C69252A02}"
EndProject
Project("{54435603-DBB4-11D2-8724-00A0C9A8B90C}") = "SetupDomainModelCsharpGUIGenerator", "SetupDomainModelCsharpGUIGenerator\SetupDomainModelCsharpGUIGenerator.vdproj", "{A729330E-BC59-4F8D-B6C4-43F9502A966E}"
EndProject
Project("{9A19103F-16F7-4668-BE54-9A1E7A4F7556}") = "Kae.XTUML.Tools.WpfAppChsarpGenerator", "WpfAppChsarGenerator\Kae.XTUML.Tools.WpfAppChsarpGenerator.csproj", "{49F3125B-6911-4CA4-9138-2B8ED54901E1}"
EndProject
Global
	GlobalSection(SolutionConfigurationPlatforms) = preSolution
		Debug|Any CPU = Debug|Any CPU
		Release|Any CPU = Release|Any CPU
	EndGlobalSection
	GlobalSection(ProjectConfigurationPlatforms) = postSolution
		{0E17ED35-29FA-4B25-BC6A-2077CD48E6A0}.Debug|Any CPU.ActiveCfg = Debug|Any CPU
		{0E17ED35-29FA-4B25-BC6A-2077CD48E6A0}.Debug|Any CPU.Build.0 = Debug|Any CPU
		{0E17ED35-29FA-4B25-BC6A-2077CD48E6A0}.Release|Any CPU.ActiveCfg = Release|Any CPU
		{0E17ED35-29FA-4B25-BC6A-2077CD48E6A0}.Release|Any CPU.Build.0 = Release|Any CPU
		{5A500C92-25F7-4B2F-BA0A-B01366B60FF7}.Debug|Any CPU.ActiveCfg = Debug|Any CPU
		{5A500C92-25F7-4B2F-BA0A-B01366B60FF7}.Debug|Any CPU.Build.0 = Debug|Any CPU
		{5A500C92-25F7-4B2F-BA0A-B01366B60FF7}.Release|Any CPU.ActiveCfg = Release|Any CPU
		{5A500C92-25F7-4B2F-BA0A-B01366B60FF7}.Release|Any CPU.Build.0 = Release|Any CPU
		{8F174E59-7DA7-4CFF-99E5-813C69252A02}.Debug|Any CPU.ActiveCfg = Debug
		{8F174E59-7DA7-4CFF-99E5-813C69252A02}.Debug|Any CPU.Build.0 = Debug
		{8F174E59-7DA7-4CFF-99E5-813C69252A02}.Release|Any CPU.ActiveCfg = Release
		{8F174E59-7DA7-4CFF-99E5-813C69252A02}.Release|Any CPU.Build.0 = Release
		{A729330E-BC59-4F8D-B6C4-43F9502A966E}.Debug|Any CPU.ActiveCfg = Debug
		{A729330E-BC59-4F8D-B6C4-43F9502A966E}.Debug|Any CPU.Build.0 = Debug
		{A729330E-BC59-4F8D-B6C4-43F9502A966E}.Release|Any CPU.ActiveCfg = Release
		{A729330E-BC59-4F8D-B6C4-43F9502A966E}.Release|Any CPU.Build.0 = Release
		{49F3125B-6911-4CA4-9138-2B8ED54901E1}.Debug|Any CPU.ActiveCfg = Debug|Any CPU
		{49F3125B-6911-4CA4-9138-2B8ED54901E1}.Debug|Any CPU.Build.0 = Debug|Any CPU
		{49F3125B-6911-4CA4-9138-2B8ED54901E1}.Release|Any CPU.ActiveCfg = Release|Any CPU
		{49F3125B-6911-4CA4-9138-2B8ED54901E1}.Release|Any CPU.Build.0 = Release|Any CPU
	EndGlobalSection
	GlobalSection(SolutionProperties) = preSolution
		HideSolutionNode = FALSE
	EndGlobalSection
	GlobalSection(ExtensibilityGlobals) = postSolution
		SolutionGuid = {748A3976-F8BF-45D2-B09C-E8383A14BDCE}
	EndGlobalSection
EndGlobal
